{
  "nodes": {
    "nixpkgs": {
      "locked": {
        "lastModified": 1693953029,
        "narHash": "sha256-1+28KQl4YC4IBzKo/epvEyK5KH4MlgoYueJ8YwLGbOc=",
        "owner": "nixos",
        "repo": "nixpkgs",
        "rev": "4077a0e4ac3356222bc1f0a070af7939c3098535",
        "type": "github"
      },
      "original": {
        "owner": "nixos",
        "ref": "nixos-23.05",
        "repo": "nixpkgs",
        "type": "github"
      }
    },
    "root": {
      "inputs": {
        "nixpkgs": "nixpkgs"
      }
    }
  },
  "root": "root",
  "version": 7
}
